schema: '2.0'
stages:
  data_ingestion:
    cmd: python src/data_ingestion.py
    deps:
    - path: src/data_ingestion.py
      hash: md5
      md5: 4dedee85250282962cebc6c407ddd9af
      size: 3631
    params:
      params.yaml:
        data_ingestion.test_size: 0.15
    outs:
    - path: data/raw
      hash: md5
      md5: a15ba66afdf82f8659b031b175286ed3.dir
      size: 484846
      nfiles: 2
  data_preprocessing:
    cmd: python src/data_preprocessing.py
    deps:
    - path: data/raw
      hash: md5
      md5: a15ba66afdf82f8659b031b175286ed3.dir
      size: 484846
      nfiles: 2
    - path: src/data_preprocessing.py
      hash: md5
      md5: fb277a577780f1c03d2646a3eae25e62
      size: 3775
    outs:
    - path: data/interim
      hash: md5
      md5: 60a6fff4e80508df65a68e383fa2725e.dir
      size: 259164
      nfiles: 2
  feature_engineering:
    cmd: python src/feature_engineering.py
    deps:
    - path: data/interim
      hash: md5
      md5: 60a6fff4e80508df65a68e383fa2725e.dir
      size: 259164
      nfiles: 2
    - path: src/feature_engineering.py
      hash: md5
      md5: 2b2c058447713ea13498bfb8f2b50c30
      size: 3922
    params:
      params.yaml:
        feature_engineering.max_features: 40
    outs:
    - path: data/processed
      hash: md5
      md5: eaa23330d56919997f04d07193cf1bd9.dir
      size: 948772
      nfiles: 2
  model_building:
    cmd: python src/model_building.py
    deps:
    - path: data/processed
      hash: md5
      md5: eaa23330d56919997f04d07193cf1bd9.dir
      size: 948772
      nfiles: 2
    - path: src/model_building.py
      hash: md5
      md5: e965868bb70511ff7a5e00441744edd9
      size: 4365
    params:
      params.yaml:
        model_building.n_estimators: 20
        model_building.random_state: 2
    outs:
    - path: models/model.pkl
      hash: md5
      md5: 7414b90a91a4c9ed0c53eac2ac1abd45
      size: 710967
  model_evaluation:
    cmd: python src/model_evaluation.py
    deps:
    - path: models/model.pkl
      hash: md5
      md5: 7414b90a91a4c9ed0c53eac2ac1abd45
      size: 710967
    - path: src/model_evaluation.py
      hash: md5
      md5: 8ee4d59b72aa83d0ebf767bc7b49f04a
      size: 3610
    outs:
    - path: reports/metrics.json
      hash: md5
      md5: 3996b3ca9fea3466aaa762fa210062ee
      size: 146
