schema: '2.0'
stages:
  data_ingestion:
    cmd: python src/data_ingestion.py
    deps:
    - path: src/data_ingestion.py
      hash: md5
      md5: c3d45d5d1ca7cb89ca44f6d0f485b729
      size: 2928
    outs:
    - path: data/raw
      hash: md5
      md5: 1a287d34dc172d9f950c03dae35f7e73.dir
      size: 484846
      nfiles: 2
  data_preprocessing:
    cmd: python src/data_preprocessing.py
    deps:
    - path: data/raw
      hash: md5
      md5: 1a287d34dc172d9f950c03dae35f7e73.dir
      size: 484846
      nfiles: 2
    - path: src/data_preprocessing.py
      hash: md5
      md5: fb277a577780f1c03d2646a3eae25e62
      size: 3775
    outs:
    - path: data/interim
      hash: md5
      md5: d99be5cb2b019d747166f90739fa6d08.dir
      size: 260073
      nfiles: 2
  feature_engineering:
    cmd: python src/feature_engineering.py
    deps:
    - path: data/interim
      hash: md5
      md5: d99be5cb2b019d747166f90739fa6d08.dir
      size: 260073
      nfiles: 2
    - path: src/feature_engineering.py
      hash: md5
      md5: 60dde2e585d11ef7d430ee243c554bd9
      size: 3210
    outs:
    - path: data/processed
      hash: md5
      md5: 962ceaf053b0656877dacb438e1a7a72.dir
      size: 1180436
      nfiles: 2
  model_building:
    cmd: python src/model_building.py
    deps:
    - path: data/processed
      hash: md5
      md5: 962ceaf053b0656877dacb438e1a7a72.dir
      size: 1180436
      nfiles: 2
    - path: src/model_building.py
      hash: md5
      md5: 8d16290a83c13dee12273b9b490ed221
      size: 3765
    outs:
    - path: models/model.pkl
      hash: md5
      md5: 5b0feb810434a2da1523ca4514f9ab77
      size: 998345
  model_evaluation:
    cmd: python src/model_evaluation.py
    deps:
    - path: models/model.pkl
      hash: md5
      md5: 5b0feb810434a2da1523ca4514f9ab77
      size: 998345
    - path: src/model_evaluation.py
      hash: md5
      md5: 8ee4d59b72aa83d0ebf767bc7b49f04a
      size: 3610
    outs:
    - path: reports/metrics.json
      hash: md5
      md5: 13837c49feeab60ebeed27fd7e92e242
      size: 146
