schema: '2.0'
stages:
  data_ingestion:
    cmd: python src/data_ingestion.py
    deps:
    - path: src/data_ingestion.py
      hash: md5
      md5: 7e19c43c02c3fe6482bd421c166ec126
      size: 3633
    params:
      params.yaml:
        data_ingestion.test_size: 0.1
    outs:
    - path: data/raw
      hash: md5
      md5: 9097e041a34df9054caed15688df1464.dir
      size: 484846
      nfiles: 2
  data_preprocessing:
    cmd: python src/data_preprocessing.py
    deps:
    - path: data/raw
      hash: md5
      md5: 9097e041a34df9054caed15688df1464.dir
      size: 484846
      nfiles: 2
    - path: src/data_preprocessing.py
      hash: md5
      md5: fb277a577780f1c03d2646a3eae25e62
      size: 3775
    outs:
    - path: data/interim
      hash: md5
      md5: 372e18bfa771372d41b683bc64b32377.dir
      size: 257605
      nfiles: 2
  feature_engineering:
    cmd: python src/feature_engineering.py
    deps:
    - path: data/interim
      hash: md5
      md5: 372e18bfa771372d41b683bc64b32377.dir
      size: 257605
      nfiles: 2
    - path: src/feature_engineering.py
      hash: md5
      md5: 2b2c058447713ea13498bfb8f2b50c30
      size: 3922
    params:
      params.yaml:
        feature_engineering.max_features: 30
    outs:
    - path: data/processed
      hash: md5
      md5: e0e82b9ab1d4d6849bd2e5ebcb15c1b3.dir
      size: 715212
      nfiles: 2
  model_building:
    cmd: python src/model_building.py
    deps:
    - path: data/processed
      hash: md5
      md5: e0e82b9ab1d4d6849bd2e5ebcb15c1b3.dir
      size: 715212
      nfiles: 2
    - path: src/model_building.py
      hash: md5
      md5: e965868bb70511ff7a5e00441744edd9
      size: 4365
    params:
      params.yaml:
        model_building.n_estimators: 20
        model_building.random_state: 2
    outs:
    - path: models/model.pkl
      hash: md5
      md5: a342f7900a088306f28792dfb1ca57d6
      size: 645029
  model_evaluation:
    cmd: python src/model_evaluation.py
    deps:
    - path: models/model.pkl
      hash: md5
      md5: a342f7900a088306f28792dfb1ca57d6
      size: 645029
    - path: src/model_evaluation.py
      hash: md5
      md5: adbe70e4e156461d430d0a8b1f985aa7
      size: 4629
    outs:
    - path: reports/metrics.json
      hash: md5
      md5: 914370c777543f23315a3cf14dcaec9c
      size: 146
